Microsoft Visual Studio Solution File, Format Version 12.00
# Visual Studio Version 17
VisualStudioVersion = 17.11.35222.181
MinimumVisualStudioVersion = 10.0.40219.1
Project("{9A19103F-16F7-4668-BE54-9A1E7A4F7556}") = "Revit.ES.Extension", "Revit.ES.Extension\Revit.ES.Extension.csproj", "{2DEF625F-1B50-4AC3-8364-999F1861D471}"
EndProject
Project("{9A19103F-16F7-4668-BE54-9A1E7A4F7556}") = "Revit.ES.Extension.TestCommand", "Revit.ES.ExtensionTestCommand\Revit.ES.Extension.TestCommand.csproj", "{0949DEBE-12E7-4C38-9432-06490E022F86}"
EndProject
Global
	GlobalSection(SolutionConfigurationPlatforms) = preSolution
		Debug 2025|Any CPU = Debug 2025|Any CPU
		Debug 2025|Mixed Platforms = Debug 2025|Mixed Platforms
		Debug 2025|x64 = Debug 2025|x64
		Debug 2025|x86 = Debug 2025|x86
		Release 2025|Any CPU = Release 2025|Any CPU
		Release 2025|Mixed Platforms = Release 2025|Mixed Platforms
		Release 2025|x64 = Release 2025|x64
		Release 2025|x86 = Release 2025|x86
	EndGlobalSection
	GlobalSection(ProjectConfigurationPlatforms) = postSolution
		{2DEF625F-1B50-4AC3-8364-999F1861D471}.Debug 2025|Any CPU.ActiveCfg = Debug 2025|Any CPU
		{2DEF625F-1B50-4AC3-8364-999F1861D471}.Debug 2025|Any CPU.Build.0 = Debug 2025|Any CPU
		{2DEF625F-1B50-4AC3-8364-999F1861D471}.Debug 2025|Mixed Platforms.ActiveCfg = Debug 2025|x86
		{2DEF625F-1B50-4AC3-8364-999F1861D471}.Debug 2025|Mixed Platforms.Build.0 = Debug 2025|x86
		{2DEF625F-1B50-4AC3-8364-999F1861D471}.Debug 2025|x64.ActiveCfg = Debug 2025|x64
		{2DEF625F-1B50-4AC3-8364-999F1861D471}.Debug 2025|x64.Build.0 = Debug 2025|x64
		{2DEF625F-1B50-4AC3-8364-999F1861D471}.Debug 2025|x86.ActiveCfg = Debug 2025|x86
		{2DEF625F-1B50-4AC3-8364-999F1861D471}.Debug 2025|x86.Build.0 = Debug 2025|x86
		{2DEF625F-1B50-4AC3-8364-999F1861D471}.Release 2025|Any CPU.ActiveCfg = Release 2025|Any CPU
		{2DEF625F-1B50-4AC3-8364-999F1861D471}.Release 2025|Any CPU.Build.0 = Release 2025|Any CPU
		{2DEF625F-1B50-4AC3-8364-999F1861D471}.Release 2025|Mixed Platforms.ActiveCfg = Release 2025|Any CPU
		{2DEF625F-1B50-4AC3-8364-999F1861D471}.Release 2025|Mixed Platforms.Build.0 = Release 2025|Any CPU
		{2DEF625F-1B50-4AC3-8364-999F1861D471}.Release 2025|x64.ActiveCfg = Release 2025|x64
		{2DEF625F-1B50-4AC3-8364-999F1861D471}.Release 2025|x64.Build.0 = Release 2025|x64
		{2DEF625F-1B50-4AC3-8364-999F1861D471}.Release 2025|x86.ActiveCfg = Release 2025|Any CPU
		{2DEF625F-1B50-4AC3-8364-999F1861D471}.Release 2025|x86.Build.0 = Release 2025|Any CPU
		{0949DEBE-12E7-4C38-9432-06490E022F86}.Debug 2025|Any CPU.ActiveCfg = Debug 2025|Any CPU
		{0949DEBE-12E7-4C38-9432-06490E022F86}.Debug 2025|Any CPU.Build.0 = Debug 2025|Any CPU
		{0949DEBE-12E7-4C38-9432-06490E022F86}.Debug 2025|Mixed Platforms.ActiveCfg = Debug 2025|Any CPU
		{0949DEBE-12E7-4C38-9432-06490E022F86}.Debug 2025|Mixed Platforms.Build.0 = Debug 2025|Any CPU
		{0949DEBE-12E7-4C38-9432-06490E022F86}.Debug 2025|x64.ActiveCfg = Debug 2025|Any CPU
		{0949DEBE-12E7-4C38-9432-06490E022F86}.Debug 2025|x64.Build.0 = Debug 2025|Any CPU
		{0949DEBE-12E7-4C38-9432-06490E022F86}.Debug 2025|x86.ActiveCfg = Debug 2025|Any CPU
		{0949DEBE-12E7-4C38-9432-06490E022F86}.Debug 2025|x86.Build.0 = Debug 2025|Any CPU
		{0949DEBE-12E7-4C38-9432-06490E022F86}.Release 2025|Any CPU.ActiveCfg = Release 2025|Any CPU
		{0949DEBE-12E7-4C38-9432-06490E022F86}.Release 2025|Any CPU.Build.0 = Release 2025|Any CPU
		{0949DEBE-12E7-4C38-9432-06490E022F86}.Release 2025|Mixed Platforms.ActiveCfg = Release 2025|Any CPU
		{0949DEBE-12E7-4C38-9432-06490E022F86}.Release 2025|Mixed Platforms.Build.0 = Release 2025|Any CPU
		{0949DEBE-12E7-4C38-9432-06490E022F86}.Release 2025|x64.ActiveCfg = Release 2025|Any CPU
		{0949DEBE-12E7-4C38-9432-06490E022F86}.Release 2025|x64.Build.0 = Release 2025|Any CPU
		{0949DEBE-12E7-4C38-9432-06490E022F86}.Release 2025|x86.ActiveCfg = Release 2025|Any CPU
		{0949DEBE-12E7-4C38-9432-06490E022F86}.Release 2025|x86.Build.0 = Release 2025|Any CPU
	EndGlobalSection
	GlobalSection(SolutionProperties) = preSolution
		HideSolutionNode = FALSE
	EndGlobalSection
	GlobalSection(ExtensibilityGlobals) = postSolution
		SolutionGuid = {C5C35742-0A2E-4823-9FDC-0ED01FBBA1A5}
	EndGlobalSection
EndGlobal
